{
  "name": "npm-audit-fix-message",
  "version": "0.3.0",
  "lockfileVersion": 3,
  "requires": true,
  "packages": {
    "": {
      "name": "npm-audit-fix-message",
      "version": "0.3.0",
      "license": "MIT",
      "bin": {
        "npm-audit-fix-message": "bin/npm-audit-fix-message.mjs"
      },
      "engines": {
        "node": ">=20"
      }
    }
  }
}
